
Microsoft Visual Studio Solution File, Format Version 12.00
# Visual Studio Version 17
VisualStudioVersion = 17.12.35527.113
MinimumVisualStudioVersion = 10.0.40219.1
Project("{2150E333-8FDC-42A3-9474-1A3956D46DE8}") = "1-Single Responsibility Principle", "1-Single Responsibility Principle", "{72850B06-020F-4461-9691-B18EE5ADFC84}"
EndProject
Project("{2150E333-8FDC-42A3-9474-1A3956D46DE8}") = "2-Open_Closed Principle", "2-Open_Closed Principle", "{36754082-D9EC-4281-91CF-23AF1F1B2E0A}"
EndProject
Project("{2150E333-8FDC-42A3-9474-1A3956D46DE8}") = "3-Liskov Substitution Principle", "3-Liskov Substitution Principle", "{E10192E7-9A3E-427E-B2CC-D968BD1CA08B}"
EndProject
Project("{2150E333-8FDC-42A3-9474-1A3956D46DE8}") = "4-Interface Segregation Principle", "4-Interface Segregation Principle", "{2B0DF290-33A9-4AC7-8606-1A4C6ADE18D9}"
EndProject
Project("{2150E333-8FDC-42A3-9474-1A3956D46DE8}") = "5-Dependency Inversion Principle", "5-Dependency Inversion Principle", "{93B8644A-4CCE-4C30-AB2E-0A15E217F77D}"
EndProject
Project("{FAE04EC0-301F-11D3-BF4B-00C04F79EFBC}") = "SRP_01", "SRP_01\SRP_01.csproj", "{4AEC476D-82A7-4EA0-91A5-40192D25C8DB}"
EndProject
Project("{FAE04EC0-301F-11D3-BF4B-00C04F79EFBC}") = "OCP_01", "OCP_01\OCP_01.csproj", "{1F70EF09-0369-4AC9-B436-A1B251D8063C}"
EndProject
Project("{FAE04EC0-301F-11D3-BF4B-00C04F79EFBC}") = "LSP_01", "LSP_01\LSP_01.csproj", "{14F89A1B-A5BC-4F75-9FDE-6F4EAF753910}"
EndProject
Project("{FAE04EC0-301F-11D3-BF4B-00C04F79EFBC}") = "ISP_01", "ISP_01\ISP_01.csproj", "{D2743D61-379E-4731-B6F7-1D0F97C0A46E}"
EndProject
Project("{FAE04EC0-301F-11D3-BF4B-00C04F79EFBC}") = "DIP_01", "DIP_01\DIP_01.csproj", "{CC496891-AED5-4123-8CC7-610F5E921D41}"
EndProject
Project("{FAE04EC0-301F-11D3-BF4B-00C04F79EFBC}") = "SRP_02", "SRP_02\SRP_02.csproj", "{8B602EB9-F716-47DB-9F13-9C3AEAE6D05B}"
EndProject
Project("{FAE04EC0-301F-11D3-BF4B-00C04F79EFBC}") = "OCP_02", "OCP_02\OCP_02.csproj", "{19208493-C818-49E1-9C46-1075BB253E2C}"
EndProject
Project("{FAE04EC0-301F-11D3-BF4B-00C04F79EFBC}") = "LSP_02", "LSP_02\LSP_02.csproj", "{AE432ADB-88C4-48B3-B920-836EBF22F83E}"
EndProject
Project("{FAE04EC0-301F-11D3-BF4B-00C04F79EFBC}") = "ISP_02", "ISP_02\ISP_02.csproj", "{46C7F8F4-BC22-4C59-8E1A-268FCEFD2569}"
EndProject
Project("{FAE04EC0-301F-11D3-BF4B-00C04F79EFBC}") = "DIP_02", "DIP_02\DIP_02.csproj", "{68B18406-E30B-4006-A02C-0C939714394A}"
EndProject
Global
	GlobalSection(SolutionConfigurationPlatforms) = preSolution
		Debug|Any CPU = Debug|Any CPU
		Release|Any CPU = Release|Any CPU
	EndGlobalSection
	GlobalSection(ProjectConfigurationPlatforms) = postSolution
		{4AEC476D-82A7-4EA0-91A5-40192D25C8DB}.Debug|Any CPU.ActiveCfg = Debug|Any CPU
		{4AEC476D-82A7-4EA0-91A5-40192D25C8DB}.Debug|Any CPU.Build.0 = Debug|Any CPU
		{4AEC476D-82A7-4EA0-91A5-40192D25C8DB}.Release|Any CPU.ActiveCfg = Release|Any CPU
		{4AEC476D-82A7-4EA0-91A5-40192D25C8DB}.Release|Any CPU.Build.0 = Release|Any CPU
		{1F70EF09-0369-4AC9-B436-A1B251D8063C}.Debug|Any CPU.ActiveCfg = Debug|Any CPU
		{1F70EF09-0369-4AC9-B436-A1B251D8063C}.Debug|Any CPU.Build.0 = Debug|Any CPU
		{1F70EF09-0369-4AC9-B436-A1B251D8063C}.Release|Any CPU.ActiveCfg = Release|Any CPU
		{1F70EF09-0369-4AC9-B436-A1B251D8063C}.Release|Any CPU.Build.0 = Release|Any CPU
		{14F89A1B-A5BC-4F75-9FDE-6F4EAF753910}.Debug|Any CPU.ActiveCfg = Debug|Any CPU
		{14F89A1B-A5BC-4F75-9FDE-6F4EAF753910}.Debug|Any CPU.Build.0 = Debug|Any CPU
		{14F89A1B-A5BC-4F75-9FDE-6F4EAF753910}.Release|Any CPU.ActiveCfg = Release|Any CPU
		{14F89A1B-A5BC-4F75-9FDE-6F4EAF753910}.Release|Any CPU.Build.0 = Release|Any CPU
		{D2743D61-379E-4731-B6F7-1D0F97C0A46E}.Debug|Any CPU.ActiveCfg = Debug|Any CPU
		{D2743D61-379E-4731-B6F7-1D0F97C0A46E}.Debug|Any CPU.Build.0 = Debug|Any CPU
		{D2743D61-379E-4731-B6F7-1D0F97C0A46E}.Release|Any CPU.ActiveCfg = Release|Any CPU
		{D2743D61-379E-4731-B6F7-1D0F97C0A46E}.Release|Any CPU.Build.0 = Release|Any CPU
		{CC496891-AED5-4123-8CC7-610F5E921D41}.Debug|Any CPU.ActiveCfg = Debug|Any CPU
		{CC496891-AED5-4123-8CC7-610F5E921D41}.Debug|Any CPU.Build.0 = Debug|Any CPU
		{CC496891-AED5-4123-8CC7-610F5E921D41}.Release|Any CPU.ActiveCfg = Release|Any CPU
		{CC496891-AED5-4123-8CC7-610F5E921D41}.Release|Any CPU.Build.0 = Release|Any CPU
		{8B602EB9-F716-47DB-9F13-9C3AEAE6D05B}.Debug|Any CPU.ActiveCfg = Debug|Any CPU
		{8B602EB9-F716-47DB-9F13-9C3AEAE6D05B}.Debug|Any CPU.Build.0 = Debug|Any CPU
		{8B602EB9-F716-47DB-9F13-9C3AEAE6D05B}.Release|Any CPU.ActiveCfg = Release|Any CPU
		{8B602EB9-F716-47DB-9F13-9C3AEAE6D05B}.Release|Any CPU.Build.0 = Release|Any CPU
		{19208493-C818-49E1-9C46-1075BB253E2C}.Debug|Any CPU.ActiveCfg = Debug|Any CPU
		{19208493-C818-49E1-9C46-1075BB253E2C}.Debug|Any CPU.Build.0 = Debug|Any CPU
		{19208493-C818-49E1-9C46-1075BB253E2C}.Release|Any CPU.ActiveCfg = Release|Any CPU
		{19208493-C818-49E1-9C46-1075BB253E2C}.Release|Any CPU.Build.0 = Release|Any CPU
		{AE432ADB-88C4-48B3-B920-836EBF22F83E}.Debug|Any CPU.ActiveCfg = Debug|Any CPU
		{AE432ADB-88C4-48B3-B920-836EBF22F83E}.Debug|Any CPU.Build.0 = Debug|Any CPU
		{AE432ADB-88C4-48B3-B920-836EBF22F83E}.Release|Any CPU.ActiveCfg = Release|Any CPU
		{AE432ADB-88C4-48B3-B920-836EBF22F83E}.Release|Any CPU.Build.0 = Release|Any CPU
		{46C7F8F4-BC22-4C59-8E1A-268FCEFD2569}.Debug|Any CPU.ActiveCfg = Debug|Any CPU
		{46C7F8F4-BC22-4C59-8E1A-268FCEFD2569}.Debug|Any CPU.Build.0 = Debug|Any CPU
		{46C7F8F4-BC22-4C59-8E1A-268FCEFD2569}.Release|Any CPU.ActiveCfg = Release|Any CPU
		{46C7F8F4-BC22-4C59-8E1A-268FCEFD2569}.Release|Any CPU.Build.0 = Release|Any CPU
		{68B18406-E30B-4006-A02C-0C939714394A}.Debug|Any CPU.ActiveCfg = Debug|Any CPU
		{68B18406-E30B-4006-A02C-0C939714394A}.Debug|Any CPU.Build.0 = Debug|Any CPU
		{68B18406-E30B-4006-A02C-0C939714394A}.Release|Any CPU.ActiveCfg = Release|Any CPU
		{68B18406-E30B-4006-A02C-0C939714394A}.Release|Any CPU.Build.0 = Release|Any CPU
	EndGlobalSection
	GlobalSection(SolutionProperties) = preSolution
		HideSolutionNode = FALSE
	EndGlobalSection
	GlobalSection(NestedProjects) = preSolution
		{4AEC476D-82A7-4EA0-91A5-40192D25C8DB} = {72850B06-020F-4461-9691-B18EE5ADFC84}
		{1F70EF09-0369-4AC9-B436-A1B251D8063C} = {36754082-D9EC-4281-91CF-23AF1F1B2E0A}
		{14F89A1B-A5BC-4F75-9FDE-6F4EAF753910} = {E10192E7-9A3E-427E-B2CC-D968BD1CA08B}
		{D2743D61-379E-4731-B6F7-1D0F97C0A46E} = {2B0DF290-33A9-4AC7-8606-1A4C6ADE18D9}
		{CC496891-AED5-4123-8CC7-610F5E921D41} = {93B8644A-4CCE-4C30-AB2E-0A15E217F77D}
		{8B602EB9-F716-47DB-9F13-9C3AEAE6D05B} = {72850B06-020F-4461-9691-B18EE5ADFC84}
		{19208493-C818-49E1-9C46-1075BB253E2C} = {36754082-D9EC-4281-91CF-23AF1F1B2E0A}
		{AE432ADB-88C4-48B3-B920-836EBF22F83E} = {E10192E7-9A3E-427E-B2CC-D968BD1CA08B}
		{46C7F8F4-BC22-4C59-8E1A-268FCEFD2569} = {2B0DF290-33A9-4AC7-8606-1A4C6ADE18D9}
		{68B18406-E30B-4006-A02C-0C939714394A} = {93B8644A-4CCE-4C30-AB2E-0A15E217F77D}
	EndGlobalSection
EndGlobal
